{
    "name": "isy-js",
    "version": "0.5.0",
    "lockfileVersion": 1,
    "requires": true,
    "dependencies": {
        "fahrenheit-to-celsius": {
            "version": "1.0.0",
            "resolved": "https://registry.npmjs.org/fahrenheit-to-celsius/-/fahrenheit-to-celsius-1.0.0.tgz",
            "integrity": "sha1-HGgDAW25MqWqHXw6v8XJ0spT+NE="
        }
    }
}
